
Microsoft Visual Studio Solution File, Format Version 12.00
Project("{FAE04EC0-301F-11D3-BF4B-00C04F79EFBC}") = "SizeOfTest", "SizeOfTest\SizeOfTest.csproj", "{93D27D0B-2996-43DC-A076-CE1C772AB03E}"
EndProject
Global
	GlobalSection(SolutionConfigurationPlatforms) = preSolution
		Debug|Any CPU = Debug|Any CPU
		Release|Any CPU = Release|Any CPU
	EndGlobalSection
	GlobalSection(ProjectConfigurationPlatforms) = postSolution
		{93D27D0B-2996-43DC-A076-CE1C772AB03E}.Debug|Any CPU.ActiveCfg = Debug|Any CPU
		{93D27D0B-2996-43DC-A076-CE1C772AB03E}.Debug|Any CPU.Build.0 = Debug|Any CPU
		{93D27D0B-2996-43DC-A076-CE1C772AB03E}.Release|Any CPU.ActiveCfg = Release|Any CPU
		{93D27D0B-2996-43DC-A076-CE1C772AB03E}.Release|Any CPU.Build.0 = Release|Any CPU
	EndGlobalSection
EndGlobal
